# This file is automatically @generated by Cargo.
# It is not intended for manual editing.
version = 3

[[package]]
name = "fivem-mod-manager"
version = "0.1.0"
dependencies = [
 "roxmltree",
]

[[package]]
name = "roxmltree"
version = "0.18.1"
source = "registry+https://github.com/rust-lang/crates.io-index"
checksum = "862340e351ce1b271a378ec53f304a5558f7db87f3769dc655a8f6ecbb68b302"
dependencies = [
 "xmlparser",
]

[[package]]
name = "xmlparser"
version = "0.13.6"
source = "registry+https://github.com/rust-lang/crates.io-index"
checksum = "66fee0b777b0f5ac1c69bb06d361268faafa61cd4682ae064a171c16c433e9e4"
